// !$*UTF8*$!
{
	archiveVersion = 1;
	classes = {
	};
	objectVersion = 70;
	objects = {

/* Begin PBXBuildFile section */
		2503BEB42CED546D008BCD0B /* Assets.xcassets in Resources */ = {isa = PBXBuildFile; fileRef = 2503BEB32CED546D008BCD0B /* Assets.xcassets */; };
		2503BEB72CED546D008BCD0B /* Preview Assets.xcassets in Resources */ = {isa = PBXBuildFile; fileRef = 2503BEB62CED546D008BCD0B /* Preview Assets.xcassets */; };
		2503BEC12CED546D008BCD0B /* TasteBudsTests.swift in Sources */ = {isa = PBXBuildFile; fileRef = 2503BEC02CED546D008BCD0B /* TasteBudsTests.swift */; };
		2503BECB2CED546D008BCD0B /* TasteBudsUITests.swift in Sources */ = {isa = PBXBuildFile; fileRef = 2503BECA2CED546D008BCD0B /* TasteBudsUITests.swift */; };
		2503BEFF2CED5734008BCD0B /* SizeConstants.swift in Sources */ = {isa = PBXBuildFile; fileRef = 2503BEE52CED5734008BCD0B /* SizeConstants.swift */; };
		2503BF012CED5734008BCD0B /* APIService.swift in Sources */ = {isa = PBXBuildFile; fileRef = 2503BEE92CED5734008BCD0B /* APIService.swift */; };
		2503BF022CED5734008BCD0B /* CardModel.swift in Sources */ = {isa = PBXBuildFile; fileRef = 2503BEEB2CED5734008BCD0B /* CardModel.swift */; };
		2503BF042CED5734008BCD0B /* CardsViewModel.swift in Sources */ = {isa = PBXBuildFile; fileRef = 2503BEEF2CED5734008BCD0B /* CardsViewModel.swift */; };
		2503BF052CED5734008BCD0B /* CardStackView.swift in Sources */ = {isa = PBXBuildFile; fileRef = 2503BEF12CED5734008BCD0B /* CardStackView.swift */; };
		2503BF062CED5734008BCD0B /* CardView.swift in Sources */ = {isa = PBXBuildFile; fileRef = 2503BEF22CED5734008BCD0B /* CardView.swift */; };
		2503BF082CED5734008BCD0B /* SwipeActionIndicatorView.swift in Sources */ = {isa = PBXBuildFile; fileRef = 2503BEF42CED5734008BCD0B /* SwipeActionIndicatorView.swift */; };
		2503BF092CED5734008BCD0B /* MainTabView.swift in Sources */ = {isa = PBXBuildFile; fileRef = 2503BEF72CED5734008BCD0B /* MainTabView.swift */; };
		2526677E2CEE9E9E002C0AF7 /* Recipe.swift in Sources */ = {isa = PBXBuildFile; fileRef = 2526677D2CEE9E9E002C0AF7 /* Recipe.swift */; };
		255E9F1E2D07955E00E32A24 /* RecipeFetcherTests.swift in Sources */ = {isa = PBXBuildFile; fileRef = 255E9F1D2D07955E00E32A24 /* RecipeFetcherTests.swift */; };
		2570DE342D07BE83006CD76B /* SettingsView.swift in Sources */ = {isa = PBXBuildFile; fileRef = 2570DE332D07BE75006CD76B /* SettingsView.swift */; };
		2570DE372D07BE9F006CD76B /* FavoritesView.swift in Sources */ = {isa = PBXBuildFile; fileRef = 2570DE362D07BE9D006CD76B /* FavoritesView.swift */; };
		257B64432CF155ED0039FB32 /* WelcomeView.swift in Sources */ = {isa = PBXBuildFile; fileRef = 257B64422CF155ED0039FB32 /* WelcomeView.swift */; };
		257B64452CF15B7D0039FB32 /* LoginSignupView.swift in Sources */ = {isa = PBXBuildFile; fileRef = 257B64442CF15B7D0039FB32 /* LoginSignupView.swift */; };
		25C2913D2CFE646800B0DA69 /* AddPartnerView.swift in Sources */ = {isa = PBXBuildFile; fileRef = 25C2913C2CFE646800B0DA69 /* AddPartnerView.swift */; };
		25C2913F2CFE71C800B0DA69 /* PartnerSetupView.swift in Sources */ = {isa = PBXBuildFile; fileRef = 25C2913E2CFE71C800B0DA69 /* PartnerSetupView.swift */; };
		25C291412CFEC7A500B0DA69 /* DietaryPreferencesView.swift in Sources */ = {isa = PBXBuildFile; fileRef = 25C291402CFEC7A500B0DA69 /* DietaryPreferencesView.swift */; };
		419F96492D04CCB4006CC8FA /* SwipeAction.swift in Sources */ = {isa = PBXBuildFile; fileRef = 419F96482D04CCB4006CC8FA /* SwipeAction.swift */; };
		419F964B2D04CEED006CC8FA /* SwipeActionButtonView.swift in Sources */ = {isa = PBXBuildFile; fileRef = 419F964A2D04CEED006CC8FA /* SwipeActionButtonView.swift */; };
		419F96922D0727DA006CC8FA /* AuthenticatedAPICalloutTest.swift in Sources */ = {isa = PBXBuildFile; fileRef = 419F96912D0727DA006CC8FA /* AuthenticatedAPICalloutTest.swift */; };
		DFDB16D42D07CC6900724B4B /* FavoritesManager.swift in Sources */ = {isa = PBXBuildFile; fileRef = DFDB16D32D07CC6100724B4B /* FavoritesManager.swift */; };
/* End PBXBuildFile section */

/* Begin PBXContainerItemProxy section */
		2503BEBD2CED546D008BCD0B /* PBXContainerItemProxy */ = {
			isa = PBXContainerItemProxy;
			containerPortal = 2503BEA42CED546C008BCD0B /* Project object */;
			proxyType = 1;
			remoteGlobalIDString = 2503BEAB2CED546C008BCD0B;
			remoteInfo = TasteBuds;
		};
		2503BEC72CED546D008BCD0B /* PBXContainerItemProxy */ = {
			isa = PBXContainerItemProxy;
			containerPortal = 2503BEA42CED546C008BCD0B /* Project object */;
			proxyType = 1;
			remoteGlobalIDString = 2503BEAB2CED546C008BCD0B;
			remoteInfo = TasteBuds;
		};
/* End PBXContainerItemProxy section */

/* Begin PBXFileReference section */
		2503BEAC2CED546C008BCD0B /* TasteBuds.app */ = {isa = PBXFileReference; explicitFileType = wrapper.application; includeInIndex = 0; path = TasteBuds.app; sourceTree = BUILT_PRODUCTS_DIR; };
		2503BEB32CED546D008BCD0B /* Assets.xcassets */ = {isa = PBXFileReference; lastKnownFileType = folder.assetcatalog; path = Assets.xcassets; sourceTree = "<group>"; };
		2503BEB62CED546D008BCD0B /* Preview Assets.xcassets */ = {isa = PBXFileReference; lastKnownFileType = folder.assetcatalog; path = "Preview Assets.xcassets"; sourceTree = "<group>"; };
		2503BEBC2CED546D008BCD0B /* TasteBudsTests.xctest */ = {isa = PBXFileReference; explicitFileType = wrapper.cfbundle; includeInIndex = 0; path = TasteBudsTests.xctest; sourceTree = BUILT_PRODUCTS_DIR; };
		2503BEC02CED546D008BCD0B /* TasteBudsTests.swift */ = {isa = PBXFileReference; lastKnownFileType = sourcecode.swift; path = TasteBudsTests.swift; sourceTree = "<group>"; };
		2503BEC62CED546D008BCD0B /* TasteBudsUITests.xctest */ = {isa = PBXFileReference; explicitFileType = wrapper.cfbundle; includeInIndex = 0; path = TasteBudsUITests.xctest; sourceTree = BUILT_PRODUCTS_DIR; };
		2503BECA2CED546D008BCD0B /* TasteBudsUITests.swift */ = {isa = PBXFileReference; lastKnownFileType = sourcecode.swift; path = TasteBudsUITests.swift; sourceTree = "<group>"; };
		2503BEE52CED5734008BCD0B /* SizeConstants.swift */ = {isa = PBXFileReference; fileEncoding = 4; lastKnownFileType = sourcecode.swift; path = SizeConstants.swift; sourceTree = "<group>"; };
		2503BEE92CED5734008BCD0B /* APIService.swift */ = {isa = PBXFileReference; fileEncoding = 4; lastKnownFileType = sourcecode.swift; path = APIService.swift; sourceTree = "<group>"; };
		2503BEEB2CED5734008BCD0B /* CardModel.swift */ = {isa = PBXFileReference; fileEncoding = 4; lastKnownFileType = sourcecode.swift; path = CardModel.swift; sourceTree = "<group>"; };
		2503BEEF2CED5734008BCD0B /* CardsViewModel.swift */ = {isa = PBXFileReference; fileEncoding = 4; lastKnownFileType = sourcecode.swift; path = CardsViewModel.swift; sourceTree = "<group>"; };
		2503BEF12CED5734008BCD0B /* CardStackView.swift */ = {isa = PBXFileReference; fileEncoding = 4; lastKnownFileType = sourcecode.swift; path = CardStackView.swift; sourceTree = "<group>"; };
		2503BEF22CED5734008BCD0B /* CardView.swift */ = {isa = PBXFileReference; fileEncoding = 4; lastKnownFileType = sourcecode.swift; path = CardView.swift; sourceTree = "<group>"; };
		2503BEF42CED5734008BCD0B /* SwipeActionIndicatorView.swift */ = {isa = PBXFileReference; fileEncoding = 4; lastKnownFileType = sourcecode.swift; path = SwipeActionIndicatorView.swift; sourceTree = "<group>"; };
		2503BEF72CED5734008BCD0B /* MainTabView.swift */ = {isa = PBXFileReference; fileEncoding = 4; lastKnownFileType = sourcecode.swift; path = MainTabView.swift; sourceTree = "<group>"; };
		2526677D2CEE9E9E002C0AF7 /* Recipe.swift */ = {isa = PBXFileReference; fileEncoding = 4; lastKnownFileType = sourcecode.swift; path = Recipe.swift; sourceTree = "<group>"; };
		255E9F1D2D07955E00E32A24 /* RecipeFetcherTests.swift */ = {isa = PBXFileReference; lastKnownFileType = sourcecode.swift; path = RecipeFetcherTests.swift; sourceTree = "<group>"; };
		2570DE332D07BE75006CD76B /* SettingsView.swift */ = {isa = PBXFileReference; lastKnownFileType = sourcecode.swift; path = SettingsView.swift; sourceTree = "<group>"; };
		2570DE362D07BE9D006CD76B /* FavoritesView.swift */ = {isa = PBXFileReference; lastKnownFileType = sourcecode.swift; path = FavoritesView.swift; sourceTree = "<group>"; };
		257B64422CF155ED0039FB32 /* WelcomeView.swift */ = {isa = PBXFileReference; lastKnownFileType = sourcecode.swift; path = WelcomeView.swift; sourceTree = "<group>"; };
		257B64442CF15B7D0039FB32 /* LoginSignupView.swift */ = {isa = PBXFileReference; lastKnownFileType = sourcecode.swift; path = LoginSignupView.swift; sourceTree = "<group>"; };
		25C2913C2CFE646800B0DA69 /* AddPartnerView.swift */ = {isa = PBXFileReference; lastKnownFileType = sourcecode.swift; path = AddPartnerView.swift; sourceTree = "<group>"; };
		25C2913E2CFE71C800B0DA69 /* PartnerSetupView.swift */ = {isa = PBXFileReference; lastKnownFileType = sourcecode.swift; path = PartnerSetupView.swift; sourceTree = "<group>"; };
		25C291402CFEC7A500B0DA69 /* DietaryPreferencesView.swift */ = {isa = PBXFileReference; lastKnownFileType = sourcecode.swift; path = DietaryPreferencesView.swift; sourceTree = "<group>"; };
		25F698F92D077C06006D91A8 /* TasteBudsTest.xctest */ = {isa = PBXFileReference; explicitFileType = wrapper.cfbundle; includeInIndex = 0; path = TasteBudsTest.xctest; sourceTree = BUILT_PRODUCTS_DIR; };
		419E24B42D08E84700172A1C /* Info.plist */ = {isa = PBXFileReference; lastKnownFileType = text.plist; path = Info.plist; sourceTree = "<group>"; };
		419F96482D04CCB4006CC8FA /* SwipeAction.swift */ = {isa = PBXFileReference; lastKnownFileType = sourcecode.swift; path = SwipeAction.swift; sourceTree = "<group>"; };
		419F964A2D04CEED006CC8FA /* SwipeActionButtonView.swift */ = {isa = PBXFileReference; lastKnownFileType = sourcecode.swift; path = SwipeActionButtonView.swift; sourceTree = "<group>"; };
		419F96912D0727DA006CC8FA /* AuthenticatedAPICalloutTest.swift */ = {isa = PBXFileReference; lastKnownFileType = sourcecode.swift; path = AuthenticatedAPICalloutTest.swift; sourceTree = "<group>"; };
		DFDB16D32D07CC6100724B4B /* FavoritesManager.swift */ = {isa = PBXFileReference; lastKnownFileType = sourcecode.swift; path = FavoritesManager.swift; sourceTree = "<group>"; };
/* End PBXFileReference section */

/* Begin PBXFileSystemSynchronizedRootGroup section */
		251EFFE92D07D565005B3FF7 /* Backend Connection */ = {isa = PBXFileSystemSynchronizedRootGroup; explicitFileTypes = {}; explicitFolders = (); path = "Backend Connection"; sourceTree = "<group>"; };
		419F96882D04CF65006CC8FA /* App */ = {isa = PBXFileSystemSynchronizedRootGroup; explicitFileTypes = {}; explicitFolders = (); path = App; sourceTree = "<group>"; };
/* End PBXFileSystemSynchronizedRootGroup section */

/* Begin PBXFrameworksBuildPhase section */
		2503BEA92CED546C008BCD0B /* Frameworks */ = {
			isa = PBXFrameworksBuildPhase;
			buildActionMask = 2147483647;
			files = (
			);
			runOnlyForDeploymentPostprocessing = 0;
		};
		2503BEB92CED546D008BCD0B /* Frameworks */ = {
			isa = PBXFrameworksBuildPhase;
			buildActionMask = 2147483647;
			files = (
			);
			runOnlyForDeploymentPostprocessing = 0;
		};
		2503BEC32CED546D008BCD0B /* Frameworks */ = {
			isa = PBXFrameworksBuildPhase;
			buildActionMask = 2147483647;
			files = (
			);
			runOnlyForDeploymentPostprocessing = 0;
		};
		25F698F62D077C06006D91A8 /* Frameworks */ = {
			isa = PBXFrameworksBuildPhase;
			buildActionMask = 2147483647;
			files = (
			);
			runOnlyForDeploymentPostprocessing = 0;
		};
/* End PBXFrameworksBuildPhase section */

/* Begin PBXGroup section */
		2503BEA32CED546C008BCD0B = {
			isa = PBXGroup;
			children = (
				2503BEAE2CED546C008BCD0B /* TasteBuds */,
				2503BEBF2CED546D008BCD0B /* TasteBudsTests */,
				2503BEC92CED546D008BCD0B /* TasteBudsUITests */,
				2503BEAD2CED546C008BCD0B /* Products */,
			);
			sourceTree = "<group>";
		};
		2503BEAD2CED546C008BCD0B /* Products */ = {
			isa = PBXGroup;
			children = (
				2503BEAC2CED546C008BCD0B /* TasteBuds.app */,
				2503BEBC2CED546D008BCD0B /* TasteBudsTests.xctest */,
				2503BEC62CED546D008BCD0B /* TasteBudsUITests.xctest */,
				25F698F92D077C06006D91A8 /* TasteBudsTest.xctest */,
			);
			name = Products;
			sourceTree = "<group>";
		};
		2503BEAE2CED546C008BCD0B /* TasteBuds */ = {
			isa = PBXGroup;
			children = (
				419E24B42D08E84700172A1C /* Info.plist */,
				251EFFE92D07D565005B3FF7 /* Backend Connection */,
				419F96882D04CF65006CC8FA /* App */,
				2503BEF92CED5734008BCD0B /* Core */,
				2503BEB52CED546D008BCD0B /* Preview Content */,
				2503BEE22CED5734008BCD0B /* Shared */,
				2503BEEA2CED5734008BCD0B /* Utils */,
				2503BEB32CED546D008BCD0B /* Assets.xcassets */,
			);
			path = TasteBuds;
			sourceTree = "<group>";
		};
		2503BEB52CED546D008BCD0B /* Preview Content */ = {
			isa = PBXGroup;
			children = (
				2503BEB62CED546D008BCD0B /* Preview Assets.xcassets */,
			);
			path = "Preview Content";
			sourceTree = "<group>";
		};
		2503BEBF2CED546D008BCD0B /* TasteBudsTests */ = {
			isa = PBXGroup;
			children = (
				2503BEC02CED546D008BCD0B /* TasteBudsTests.swift */,
			);
			path = TasteBudsTests;
			sourceTree = "<group>";
		};
		2503BEC92CED546D008BCD0B /* TasteBudsUITests */ = {
			isa = PBXGroup;
			children = (
				255E9F1D2D07955E00E32A24 /* RecipeFetcherTests.swift */,
				2503BECA2CED546D008BCD0B /* TasteBudsUITests.swift */,
			);
			path = TasteBudsUITests;
			sourceTree = "<group>";
		};
		2503BEE02CED5734008BCD0B /* Model */ = {
			isa = PBXGroup;
			children = (
				2526677D2CEE9E9E002C0AF7 /* Recipe.swift */,
			);
			path = Model;
			sourceTree = "<group>";
		};
		2503BEE12CED5734008BCD0B /* Recipes */ = {
			isa = PBXGroup;
			children = (
				2503BEE02CED5734008BCD0B /* Model */,
			);
			path = Recipes;
			sourceTree = "<group>";
		};
		2503BEE22CED5734008BCD0B /* Shared */ = {
			isa = PBXGroup;
			children = (
				2503BEE12CED5734008BCD0B /* Recipes */,
			);
			path = Shared;
			sourceTree = "<group>";
		};
		2503BEE62CED5734008BCD0B /* Constants */ = {
			isa = PBXGroup;
			children = (
				2503BEE52CED5734008BCD0B /* SizeConstants.swift */,
			);
			path = Constants;
			sourceTree = "<group>";
		};
		2503BEEA2CED5734008BCD0B /* Utils */ = {
			isa = PBXGroup;
			children = (
				2503BEE62CED5734008BCD0B /* Constants */,
				2503BEE92CED5734008BCD0B /* APIService.swift */,
			);
			path = Utils;
			sourceTree = "<group>";
		};
		2503BEEC2CED5734008BCD0B /* Model */ = {
			isa = PBXGroup;
			children = (
				DFDB16D32D07CC6100724B4B /* FavoritesManager.swift */,
				2503BEEB2CED5734008BCD0B /* CardModel.swift */,
				419F96482D04CCB4006CC8FA /* SwipeAction.swift */,
			);
			path = Model;
			sourceTree = "<group>";
		};
		2503BEF02CED5734008BCD0B /* ViewModel */ = {
			isa = PBXGroup;
			children = (
				2503BEEF2CED5734008BCD0B /* CardsViewModel.swift */,
			);
			path = ViewModel;
			sourceTree = "<group>";
		};
		2503BEF52CED5734008BCD0B /* Views */ = {
			isa = PBXGroup;
			children = (
				2570DE362D07BE9D006CD76B /* FavoritesView.swift */,
				2570DE332D07BE75006CD76B /* SettingsView.swift */,
				2503BEF12CED5734008BCD0B /* CardStackView.swift */,
				2503BEF22CED5734008BCD0B /* CardView.swift */,
				419F964A2D04CEED006CC8FA /* SwipeActionButtonView.swift */,
				2503BEF42CED5734008BCD0B /* SwipeActionIndicatorView.swift */,
				257B64422CF155ED0039FB32 /* WelcomeView.swift */,
				257B64442CF15B7D0039FB32 /* LoginSignupView.swift */,
				25C2913C2CFE646800B0DA69 /* AddPartnerView.swift */,
				25C2913E2CFE71C800B0DA69 /* PartnerSetupView.swift */,
				25C291402CFEC7A500B0DA69 /* DietaryPreferencesView.swift */,
				419F96912D0727DA006CC8FA /* AuthenticatedAPICalloutTest.swift */,
			);
			path = Views;
			sourceTree = "<group>";
		};
		2503BEF62CED5734008BCD0B /* Cards */ = {
			isa = PBXGroup;
			children = (
				2503BEEC2CED5734008BCD0B /* Model */,
				2503BEF02CED5734008BCD0B /* ViewModel */,
				2503BEF52CED5734008BCD0B /* Views */,
			);
			path = Cards;
			sourceTree = "<group>";
		};
		2503BEF82CED5734008BCD0B /* TabBar */ = {
			isa = PBXGroup;
			children = (
				2503BEF72CED5734008BCD0B /* MainTabView.swift */,
			);
			path = TabBar;
			sourceTree = "<group>";
		};
		2503BEF92CED5734008BCD0B /* Core */ = {
			isa = PBXGroup;
			children = (
				2503BEF62CED5734008BCD0B /* Cards */,
				2503BEF82CED5734008BCD0B /* TabBar */,
			);
			path = Core;
			sourceTree = "<group>";
		};
/* End PBXGroup section */

/* Begin PBXNativeTarget section */
		2503BEAB2CED546C008BCD0B /* TasteBuds */ = {
			isa = PBXNativeTarget;
			buildConfigurationList = 2503BED02CED546D008BCD0B /* Build configuration list for PBXNativeTarget "TasteBuds" */;
			buildPhases = (
				2503BEA82CED546C008BCD0B /* Sources */,
				2503BEA92CED546C008BCD0B /* Frameworks */,
				2503BEAA2CED546C008BCD0B /* Resources */,
			);
			buildRules = (
			);
			dependencies = (
			);
			fileSystemSynchronizedGroups = (
				251EFFE92D07D565005B3FF7 /* Backend Connection */,
				419F96882D04CF65006CC8FA /* App */,
			);
			name = TasteBuds;
			productName = TasteBuds;
			productReference = 2503BEAC2CED546C008BCD0B /* TasteBuds.app */;
			productType = "com.apple.product-type.application";
		};
		2503BEBB2CED546D008BCD0B /* TasteBudsTests */ = {
			isa = PBXNativeTarget;
			buildConfigurationList = 2503BED32CED546D008BCD0B /* Build configuration list for PBXNativeTarget "TasteBudsTests" */;
			buildPhases = (
				2503BEB82CED546D008BCD0B /* Sources */,
				2503BEB92CED546D008BCD0B /* Frameworks */,
				2503BEBA2CED546D008BCD0B /* Resources */,
			);
			buildRules = (
			);
			dependencies = (
				2503BEBE2CED546D008BCD0B /* PBXTargetDependency */,
			);
			name = TasteBudsTests;
			productName = TasteBudsTests;
			productReference = 2503BEBC2CED546D008BCD0B /* TasteBudsTests.xctest */;
			productType = "com.apple.product-type.bundle.unit-test";
		};
		2503BEC52CED546D008BCD0B /* TasteBudsUITests */ = {
			isa = PBXNativeTarget;
			buildConfigurationList = 2503BED62CED546D008BCD0B /* Build configuration list for PBXNativeTarget "TasteBudsUITests" */;
			buildPhases = (
				2503BEC22CED546D008BCD0B /* Sources */,
				2503BEC32CED546D008BCD0B /* Frameworks */,
				2503BEC42CED546D008BCD0B /* Resources */,
			);
			buildRules = (
			);
			dependencies = (
				2503BEC82CED546D008BCD0B /* PBXTargetDependency */,
			);
			name = TasteBudsUITests;
			productName = TasteBudsUITests;
			productReference = 2503BEC62CED546D008BCD0B /* TasteBudsUITests.xctest */;
			productType = "com.apple.product-type.bundle.ui-testing";
		};
		25F698F82D077C06006D91A8 /* TasteBudsTest */ = {
			isa = PBXNativeTarget;
			buildConfigurationList = 25F698FD2D077C06006D91A8 /* Build configuration list for PBXNativeTarget "TasteBudsTest" */;
			buildPhases = (
				25F698F52D077C06006D91A8 /* Sources */,
				25F698F62D077C06006D91A8 /* Frameworks */,
				25F698F72D077C06006D91A8 /* Resources */,
			);
			buildRules = (
			);
			dependencies = (
			);
			name = TasteBudsTest;
			packageProductDependencies = (
			);
			productName = TasteBudsTest;
			productReference = 25F698F92D077C06006D91A8 /* TasteBudsTest.xctest */;
			productType = "com.apple.product-type.bundle.unit-test";
		};
/* End PBXNativeTarget section */

/* Begin PBXProject section */
		2503BEA42CED546C008BCD0B /* Project object */ = {
			isa = PBXProject;
			attributes = {
				BuildIndependentTargetsInParallel = 1;
				LastSwiftUpdateCheck = 1610;
				LastUpgradeCheck = 1610;
				TargetAttributes = {
					2503BEAB2CED546C008BCD0B = {
						CreatedOnToolsVersion = 15.4;
					};
					2503BEBB2CED546D008BCD0B = {
						CreatedOnToolsVersion = 15.4;
						TestTargetID = 2503BEAB2CED546C008BCD0B;
					};
					2503BEC52CED546D008BCD0B = {
						CreatedOnToolsVersion = 15.4;
						TestTargetID = 2503BEAB2CED546C008BCD0B;
					};
					25F698F82D077C06006D91A8 = {
						CreatedOnToolsVersion = 16.1;
					};
				};
			};
			buildConfigurationList = 2503BEA72CED546C008BCD0B /* Build configuration list for PBXProject "TasteBuds" */;
			compatibilityVersion = "Xcode 14.0";
			developmentRegion = en;
			hasScannedForEncodings = 0;
			knownRegions = (
				en,
				Base,
			);
			mainGroup = 2503BEA32CED546C008BCD0B;
			productRefGroup = 2503BEAD2CED546C008BCD0B /* Products */;
			projectDirPath = "";
			projectRoot = "";
			targets = (
				2503BEAB2CED546C008BCD0B /* TasteBuds */,
				2503BEBB2CED546D008BCD0B /* TasteBudsTests */,
				2503BEC52CED546D008BCD0B /* TasteBudsUITests */,
				25F698F82D077C06006D91A8 /* TasteBudsTest */,
			);
		};
/* End PBXProject section */

/* Begin PBXResourcesBuildPhase section */
		2503BEAA2CED546C008BCD0B /* Resources */ = {
			isa = PBXResourcesBuildPhase;
			buildActionMask = 2147483647;
			files = (
				2503BEB72CED546D008BCD0B /* Preview Assets.xcassets in Resources */,
				2503BEB42CED546D008BCD0B /* Assets.xcassets in Resources */,
			);
			runOnlyForDeploymentPostprocessing = 0;
		};
		2503BEBA2CED546D008BCD0B /* Resources */ = {
			isa = PBXResourcesBuildPhase;
			buildActionMask = 2147483647;
			files = (
			);
			runOnlyForDeploymentPostprocessing = 0;
		};
		2503BEC42CED546D008BCD0B /* Resources */ = {
			isa = PBXResourcesBuildPhase;
			buildActionMask = 2147483647;
			files = (
			);
			runOnlyForDeploymentPostprocessing = 0;
		};
		25F698F72D077C06006D91A8 /* Resources */ = {
			isa = PBXResourcesBuildPhase;
			buildActionMask = 2147483647;
			files = (
			);
			runOnlyForDeploymentPostprocessing = 0;
		};
/* End PBXResourcesBuildPhase section */

/* Begin PBXSourcesBuildPhase section */
		2503BEA82CED546C008BCD0B /* Sources */ = {
			isa = PBXSourcesBuildPhase;
			buildActionMask = 2147483647;
			files = (
				2570DE372D07BE9F006CD76B /* FavoritesView.swift in Sources */,
				2570DE342D07BE83006CD76B /* SettingsView.swift in Sources */,
				2503BF062CED5734008BCD0B /* CardView.swift in Sources */,
				25C2913D2CFE646800B0DA69 /* AddPartnerView.swift in Sources */,
				419F96492D04CCB4006CC8FA /* SwipeAction.swift in Sources */,
				2503BF052CED5734008BCD0B /* CardStackView.swift in Sources */,
				2503BF082CED5734008BCD0B /* SwipeActionIndicatorView.swift in Sources */,
				25C2913F2CFE71C800B0DA69 /* PartnerSetupView.swift in Sources */,
				2503BEFF2CED5734008BCD0B /* SizeConstants.swift in Sources */,
				2503BF092CED5734008BCD0B /* MainTabView.swift in Sources */,
				2526677E2CEE9E9E002C0AF7 /* Recipe.swift in Sources */,
				25C291412CFEC7A500B0DA69 /* DietaryPreferencesView.swift in Sources */,
				257B64452CF15B7D0039FB32 /* LoginSignupView.swift in Sources */,
				257B64432CF155ED0039FB32 /* WelcomeView.swift in Sources */,
				419F964B2D04CEED006CC8FA /* SwipeActionButtonView.swift in Sources */,
				419F96922D0727DA006CC8FA /* AuthenticatedAPICalloutTest.swift in Sources */,
				2503BF042CED5734008BCD0B /* CardsViewModel.swift in Sources */,
				DFDB16D42D07CC6900724B4B /* FavoritesManager.swift in Sources */,
				2503BF012CED5734008BCD0B /* APIService.swift in Sources */,
				2503BF022CED5734008BCD0B /* CardModel.swift in Sources */,
			);
			runOnlyForDeploymentPostprocessing = 0;
		};
		2503BEB82CED546D008BCD0B /* Sources */ = {
			isa = PBXSourcesBuildPhase;
			buildActionMask = 2147483647;
			files = (
				2503BEC12CED546D008BCD0B /* TasteBudsTests.swift in Sources */,
			);
			runOnlyForDeploymentPostprocessing = 0;
		};
		2503BEC22CED546D008BCD0B /* Sources */ = {
			isa = PBXSourcesBuildPhase;
			buildActionMask = 2147483647;
			files = (
				255E9F1E2D07955E00E32A24 /* RecipeFetcherTests.swift in Sources */,
				2503BECB2CED546D008BCD0B /* TasteBudsUITests.swift in Sources */,
			);
			runOnlyForDeploymentPostprocessing = 0;
		};
		25F698F52D077C06006D91A8 /* Sources */ = {
			isa = PBXSourcesBuildPhase;
			buildActionMask = 2147483647;
			files = (
			);
			runOnlyForDeploymentPostprocessing = 0;
		};
/* End PBXSourcesBuildPhase section */

/* Begin PBXTargetDependency section */
		2503BEBE2CED546D008BCD0B /* PBXTargetDependency */ = {
			isa = PBXTargetDependency;
			target = 2503BEAB2CED546C008BCD0B /* TasteBuds */;
			targetProxy = 2503BEBD2CED546D008BCD0B /* PBXContainerItemProxy */;
		};
		2503BEC82CED546D008BCD0B /* PBXTargetDependency */ = {
			isa = PBXTargetDependency;
			target = 2503BEAB2CED546C008BCD0B /* TasteBuds */;
			targetProxy = 2503BEC72CED546D008BCD0B /* PBXContainerItemProxy */;
		};
/* End PBXTargetDependency section */

/* Begin XCBuildConfiguration section */
		2503BECE2CED546D008BCD0B /* Debug */ = {
			isa = XCBuildConfiguration;
			buildSettings = {
				ALWAYS_SEARCH_USER_PATHS = NO;
				ASSETCATALOG_COMPILER_GENERATE_SWIFT_ASSET_SYMBOL_EXTENSIONS = YES;
				CLANG_ANALYZER_NONNULL = YES;
				CLANG_ANALYZER_NUMBER_OBJECT_CONVERSION = YES_AGGRESSIVE;
				CLANG_CXX_LANGUAGE_STANDARD = "gnu++20";
				CLANG_ENABLE_MODULES = YES;
				CLANG_ENABLE_OBJC_ARC = YES;
				CLANG_ENABLE_OBJC_WEAK = YES;
				CLANG_WARN_BLOCK_CAPTURE_AUTORELEASING = YES;
				CLANG_WARN_BOOL_CONVERSION = YES;
				CLANG_WARN_COMMA = YES;
				CLANG_WARN_CONSTANT_CONVERSION = YES;
				CLANG_WARN_DEPRECATED_OBJC_IMPLEMENTATIONS = YES;
				CLANG_WARN_DIRECT_OBJC_ISA_USAGE = YES_ERROR;
				CLANG_WARN_DOCUMENTATION_COMMENTS = YES;
				CLANG_WARN_EMPTY_BODY = YES;
				CLANG_WARN_ENUM_CONVERSION = YES;
				CLANG_WARN_INFINITE_RECURSION = YES;
				CLANG_WARN_INT_CONVERSION = YES;
				CLANG_WARN_NON_LITERAL_NULL_CONVERSION = YES;
				CLANG_WARN_OBJC_IMPLICIT_RETAIN_SELF = YES;
				CLANG_WARN_OBJC_LITERAL_CONVERSION = YES;
				CLANG_WARN_OBJC_ROOT_CLASS = YES_ERROR;
				CLANG_WARN_QUOTED_INCLUDE_IN_FRAMEWORK_HEADER = YES;
				CLANG_WARN_RANGE_LOOP_ANALYSIS = YES;
				CLANG_WARN_STRICT_PROTOTYPES = YES;
				CLANG_WARN_SUSPICIOUS_MOVE = YES;
				CLANG_WARN_UNGUARDED_AVAILABILITY = YES_AGGRESSIVE;
				CLANG_WARN_UNREACHABLE_CODE = YES;
				CLANG_WARN__DUPLICATE_METHOD_MATCH = YES;
				COPY_PHASE_STRIP = NO;
				DEBUG_INFORMATION_FORMAT = dwarf;
				ENABLE_STRICT_OBJC_MSGSEND = YES;
				ENABLE_TESTABILITY = YES;
				ENABLE_USER_SCRIPT_SANDBOXING = YES;
				GCC_C_LANGUAGE_STANDARD = gnu17;
				GCC_DYNAMIC_NO_PIC = NO;
				GCC_NO_COMMON_BLOCKS = YES;
				GCC_OPTIMIZATION_LEVEL = 0;
				GCC_PREPROCESSOR_DEFINITIONS = (
					"DEBUG=1",
					"$(inherited)",
				);
				GCC_WARN_64_TO_32_BIT_CONVERSION = YES;
				GCC_WARN_ABOUT_RETURN_TYPE = YES_ERROR;
				GCC_WARN_UNDECLARED_SELECTOR = YES;
				GCC_WARN_UNINITIALIZED_AUTOS = YES_AGGRESSIVE;
				GCC_WARN_UNUSED_FUNCTION = YES;
				GCC_WARN_UNUSED_VARIABLE = YES;
				IPHONEOS_DEPLOYMENT_TARGET = 17.5;
				LOCALIZATION_PREFERS_STRING_CATALOGS = YES;
				MTL_ENABLE_DEBUG_INFO = INCLUDE_SOURCE;
				MTL_FAST_MATH = YES;
				ONLY_ACTIVE_ARCH = YES;
				SDKROOT = iphoneos;
				SWIFT_ACTIVE_COMPILATION_CONDITIONS = "DEBUG $(inherited)";
				SWIFT_OPTIMIZATION_LEVEL = "-Onone";
			};
			name = Debug;
		};
		2503BECF2CED546D008BCD0B /* Release */ = {
			isa = XCBuildConfiguration;
			buildSettings = {
				ALWAYS_SEARCH_USER_PATHS = NO;
				ASSETCATALOG_COMPILER_GENERATE_SWIFT_ASSET_SYMBOL_EXTENSIONS = YES;
				CLANG_ANALYZER_NONNULL = YES;
				CLANG_ANALYZER_NUMBER_OBJECT_CONVERSION = YES_AGGRESSIVE;
				CLANG_CXX_LANGUAGE_STANDARD = "gnu++20";
				CLANG_ENABLE_MODULES = YES;
				CLANG_ENABLE_OBJC_ARC = YES;
				CLANG_ENABLE_OBJC_WEAK = YES;
				CLANG_WARN_BLOCK_CAPTURE_AUTORELEASING = YES;
				CLANG_WARN_BOOL_CONVERSION = YES;
				CLANG_WARN_COMMA = YES;
				CLANG_WARN_CONSTANT_CONVERSION = YES;
				CLANG_WARN_DEPRECATED_OBJC_IMPLEMENTATIONS = YES;
				CLANG_WARN_DIRECT_OBJC_ISA_USAGE = YES_ERROR;
				CLANG_WARN_DOCUMENTATION_COMMENTS = YES;
				CLANG_WARN_EMPTY_BODY = YES;
				CLANG_WARN_ENUM_CONVERSION = YES;
				CLANG_WARN_INFINITE_RECURSION = YES;
				CLANG_WARN_INT_CONVERSION = YES;
				CLANG_WARN_NON_LITERAL_NULL_CONVERSION = YES;
				CLANG_WARN_OBJC_IMPLICIT_RETAIN_SELF = YES;
				CLANG_WARN_OBJC_LITERAL_CONVERSION = YES;
				CLANG_WARN_OBJC_ROOT_CLASS = YES_ERROR;
				CLANG_WARN_QUOTED_INCLUDE_IN_FRAMEWORK_HEADER = YES;
				CLANG_WARN_RANGE_LOOP_ANALYSIS = YES;
				CLANG_WARN_STRICT_PROTOTYPES = YES;
				CLANG_WARN_SUSPICIOUS_MOVE = YES;
				CLANG_WARN_UNGUARDED_AVAILABILITY = YES_AGGRESSIVE;
				CLANG_WARN_UNREACHABLE_CODE = YES;
				CLANG_WARN__DUPLICATE_METHOD_MATCH = YES;
				COPY_PHASE_STRIP = NO;
				DEBUG_INFORMATION_FORMAT = "dwarf-with-dsym";
				ENABLE_NS_ASSERTIONS = NO;
				ENABLE_STRICT_OBJC_MSGSEND = YES;
				ENABLE_USER_SCRIPT_SANDBOXING = YES;
				GCC_C_LANGUAGE_STANDARD = gnu17;
				GCC_NO_COMMON_BLOCKS = YES;
				GCC_WARN_64_TO_32_BIT_CONVERSION = YES;
				GCC_WARN_ABOUT_RETURN_TYPE = YES_ERROR;
				GCC_WARN_UNDECLARED_SELECTOR = YES;
				GCC_WARN_UNINITIALIZED_AUTOS = YES_AGGRESSIVE;
				GCC_WARN_UNUSED_FUNCTION = YES;
				GCC_WARN_UNUSED_VARIABLE = YES;
				IPHONEOS_DEPLOYMENT_TARGET = 17.5;
				LOCALIZATION_PREFERS_STRING_CATALOGS = YES;
				MTL_ENABLE_DEBUG_INFO = NO;
				MTL_FAST_MATH = YES;
				SDKROOT = iphoneos;
				SWIFT_COMPILATION_MODE = wholemodule;
				VALIDATE_PRODUCT = YES;
			};
			name = Release;
		};
		2503BED12CED546D008BCD0B /* Debug */ = {
			isa = XCBuildConfiguration;
			buildSettings = {
				ASSETCATALOG_COMPILER_APPICON_NAME = AppIcon;
				ASSETCATALOG_COMPILER_GLOBAL_ACCENT_COLOR_NAME = AccentColor;
				CODE_SIGN_STYLE = Automatic;
				CURRENT_PROJECT_VERSION = 1;
				DEVELOPMENT_ASSET_PATHS = "\"TasteBuds/Preview Content\"";
				DEVELOPMENT_TEAM = 9W8Y4FRL8Y;
				ENABLE_PREVIEWS = YES;
				GENERATE_INFOPLIST_FILE = YES;
				INFOPLIST_FILE = TasteBuds/Info.plist;
				INFOPLIST_KEY_UIApplicationSceneManifest_Generation = YES;
				INFOPLIST_KEY_UIApplicationSupportsIndirectInputEvents = YES;
				INFOPLIST_KEY_UISupportedInterfaceOrientations_iPad = "UIInterfaceOrientationPortrait UIInterfaceOrientationPortraitUpsideDown UIInterfaceOrientationLandscapeLeft UIInterfaceOrientationLandscapeRight";
				INFOPLIST_KEY_UISupportedInterfaceOrientations_iPhone = "UIInterfaceOrientationPortrait UIInterfaceOrientationLandscapeLeft UIInterfaceOrientationLandscapeRight";
				LD_RUNPATH_SEARCH_PATHS = (
					"$(inherited)",
					"@executable_path/Frameworks",
				);
				MARKETING_VERSION = 1.0;
				PRODUCT_BUNDLE_IDENTIFIER = com.tastebuds.TasteBuds;
				PRODUCT_NAME = "$(TARGET_NAME)";
				SWIFT_EMIT_LOC_STRINGS = YES;
				SWIFT_VERSION = 5.0;
				TARGETED_DEVICE_FAMILY = "1,2";
			};
			name = Debug;
		};
		2503BED22CED546D008BCD0B /* Release */ = {
			isa = XCBuildConfiguration;
			buildSettings = {
				ASSETCATALOG_COMPILER_APPICON_NAME = AppIcon;
				ASSETCATALOG_COMPILER_GLOBAL_ACCENT_COLOR_NAME = AccentColor;
				CODE_SIGN_STYLE = Automatic;
				CURRENT_PROJECT_VERSION = 1;
				DEVELOPMENT_ASSET_PATHS = "\"TasteBuds/Preview Content\"";
				DEVELOPMENT_TEAM = 9W8Y4FRL8Y;
				ENABLE_PREVIEWS = YES;
				GENERATE_INFOPLIST_FILE = YES;
				INFOPLIST_FILE = TasteBuds/Info.plist;
				INFOPLIST_KEY_UIApplicationSceneManifest_Generation = YES;
				INFOPLIST_KEY_UIApplicationSupportsIndirectInputEvents = YES;
				INFOPLIST_KEY_UISupportedInterfaceOrientations_iPad = "UIInterfaceOrientationPortrait UIInterfaceOrientationPortraitUpsideDown UIInterfaceOrientationLandscapeLeft UIInterfaceOrientationLandscapeRight";
				INFOPLIST_KEY_UISupportedInterfaceOrientations_iPhone = "UIInterfaceOrientationPortrait UIInterfaceOrientationLandscapeLeft UIInterfaceOrientationLandscapeRight";
				LD_RUNPATH_SEARCH_PATHS = (
					"$(inherited)",
					"@executable_path/Frameworks",
				);
				MARKETING_VERSION = 1.0;
				PRODUCT_BUNDLE_IDENTIFIER = com.tastebuds.TasteBuds;
				PRODUCT_NAME = "$(TARGET_NAME)";
				SWIFT_EMIT_LOC_STRINGS = YES;
				SWIFT_VERSION = 5.0;
				TARGETED_DEVICE_FAMILY = "1,2";
			};
			name = Release;
		};
		2503BED42CED546D008BCD0B /* Debug */ = {
			isa = XCBuildConfiguration;
			buildSettings = {
				BUNDLE_LOADER = "$(TEST_HOST)";
				CODE_SIGN_STYLE = Automatic;
				CURRENT_PROJECT_VERSION = 1;
				DEVELOPMENT_TEAM = 9W8Y4FRL8Y;
				GENERATE_INFOPLIST_FILE = YES;
				IPHONEOS_DEPLOYMENT_TARGET = 17.5;
				MARKETING_VERSION = 1.0;
				PRODUCT_BUNDLE_IDENTIFIER = com.tastebuds.TasteBudsTests;
				PRODUCT_NAME = "$(TARGET_NAME)";
				SWIFT_EMIT_LOC_STRINGS = NO;
				SWIFT_VERSION = 5.0;
				TARGETED_DEVICE_FAMILY = "1,2";
				TEST_HOST = "$(BUILT_PRODUCTS_DIR)/TasteBuds.app/$(BUNDLE_EXECUTABLE_FOLDER_PATH)/TasteBuds";
			};
			name = Debug;
		};
		2503BED52CED546D008BCD0B /* Release */ = {
			isa = XCBuildConfiguration;
			buildSettings = {
				BUNDLE_LOADER = "$(TEST_HOST)";
				CODE_SIGN_STYLE = Automatic;
				CURRENT_PROJECT_VERSION = 1;
				DEVELOPMENT_TEAM = 9W8Y4FRL8Y;
				GENERATE_INFOPLIST_FILE = YES;
				IPHONEOS_DEPLOYMENT_TARGET = 17.5;
				MARKETING_VERSION = 1.0;
				PRODUCT_BUNDLE_IDENTIFIER = com.tastebuds.TasteBudsTests;
				PRODUCT_NAME = "$(TARGET_NAME)";
				SWIFT_EMIT_LOC_STRINGS = NO;
				SWIFT_VERSION = 5.0;
				TARGETED_DEVICE_FAMILY = "1,2";
				TEST_HOST = "$(BUILT_PRODUCTS_DIR)/TasteBuds.app/$(BUNDLE_EXECUTABLE_FOLDER_PATH)/TasteBuds";
			};
			name = Release;
		};
		2503BED72CED546D008BCD0B /* Debug */ = {
			isa = XCBuildConfiguration;
			buildSettings = {
				CODE_SIGN_STYLE = Automatic;
				CURRENT_PROJECT_VERSION = 1;
				DEVELOPMENT_TEAM = 9W8Y4FRL8Y;
				GENERATE_INFOPLIST_FILE = YES;
				MARKETING_VERSION = 1.0;
				PRODUCT_BUNDLE_IDENTIFIER = com.tastebuds.TasteBudsUITests;
				PRODUCT_NAME = "$(TARGET_NAME)";
				SWIFT_EMIT_LOC_STRINGS = NO;
				SWIFT_VERSION = 5.0;
				TARGETED_DEVICE_FAMILY = "1,2";
				TEST_TARGET_NAME = TasteBuds;
			};
			name = Debug;
		};
		2503BED82CED546D008BCD0B /* Release */ = {
			isa = XCBuildConfiguration;
			buildSettings = {
				CODE_SIGN_STYLE = Automatic;
				CURRENT_PROJECT_VERSION = 1;
				DEVELOPMENT_TEAM = 9W8Y4FRL8Y;
				GENERATE_INFOPLIST_FILE = YES;
				MARKETING_VERSION = 1.0;
				PRODUCT_BUNDLE_IDENTIFIER = com.tastebuds.TasteBudsUITests;
				PRODUCT_NAME = "$(TARGET_NAME)";
				SWIFT_EMIT_LOC_STRINGS = NO;
				SWIFT_VERSION = 5.0;
				TARGETED_DEVICE_FAMILY = "1,2";
				TEST_TARGET_NAME = TasteBuds;
			};
			name = Release;
		};
		25F698FE2D077C06006D91A8 /* Debug */ = {
			isa = XCBuildConfiguration;
			buildSettings = {
				CODE_SIGN_STYLE = Automatic;
				CURRENT_PROJECT_VERSION = 1;
				DEVELOPMENT_TEAM = 9W8Y4FRL8Y;
				GENERATE_INFOPLIST_FILE = YES;
				MACOSX_DEPLOYMENT_TARGET = 15.1;
				MARKETING_VERSION = 1.0;
				PRODUCT_BUNDLE_IDENTIFIER = com.tastebuds.TasteBudsTest;
				PRODUCT_NAME = "$(TARGET_NAME)";
				SDKROOT = macosx;
				SWIFT_EMIT_LOC_STRINGS = NO;
				SWIFT_VERSION = 5.0;
			};
			name = Debug;
		};
		25F698FF2D077C06006D91A8 /* Release */ = {
			isa = XCBuildConfiguration;
			buildSettings = {
				CODE_SIGN_STYLE = Automatic;
				CURRENT_PROJECT_VERSION = 1;
				DEVELOPMENT_TEAM = 9W8Y4FRL8Y;
				GENERATE_INFOPLIST_FILE = YES;
				MACOSX_DEPLOYMENT_TARGET = 15.1;
				MARKETING_VERSION = 1.0;
				PRODUCT_BUNDLE_IDENTIFIER = com.tastebuds.TasteBudsTest;
				PRODUCT_NAME = "$(TARGET_NAME)";
				SDKROOT = macosx;
				SWIFT_EMIT_LOC_STRINGS = NO;
				SWIFT_VERSION = 5.0;
			};
			name = Release;
		};
/* End XCBuildConfiguration section */

/* Begin XCConfigurationList section */
		2503BEA72CED546C008BCD0B /* Build configuration list for PBXProject "TasteBuds" */ = {
			isa = XCConfigurationList;
			buildConfigurations = (
				2503BECE2CED546D008BCD0B /* Debug */,
				2503BECF2CED546D008BCD0B /* Release */,
			);
			defaultConfigurationIsVisible = 0;
			defaultConfigurationName = Release;
		};
		2503BED02CED546D008BCD0B /* Build configuration list for PBXNativeTarget "TasteBuds" */ = {
			isa = XCConfigurationList;
			buildConfigurations = (
				2503BED12CED546D008BCD0B /* Debug */,
				2503BED22CED546D008BCD0B /* Release */,
			);
			defaultConfigurationIsVisible = 0;
			defaultConfigurationName = Release;
		};
		2503BED32CED546D008BCD0B /* Build configuration list for PBXNativeTarget "TasteBudsTests" */ = {
			isa = XCConfigurationList;
			buildConfigurations = (
				2503BED42CED546D008BCD0B /* Debug */,
				2503BED52CED546D008BCD0B /* Release */,
			);
			defaultConfigurationIsVisible = 0;
			defaultConfigurationName = Release;
		};
		2503BED62CED546D008BCD0B /* Build configuration list for PBXNativeTarget "TasteBudsUITests" */ = {
			isa = XCConfigurationList;
			buildConfigurations = (
				2503BED72CED546D008BCD0B /* Debug */,
				2503BED82CED546D008BCD0B /* Release */,
			);
			defaultConfigurationIsVisible = 0;
			defaultConfigurationName = Release;
		};
		25F698FD2D077C06006D91A8 /* Build configuration list for PBXNativeTarget "TasteBudsTest" */ = {
			isa = XCConfigurationList;
			buildConfigurations = (
				25F698FE2D077C06006D91A8 /* Debug */,
				25F698FF2D077C06006D91A8 /* Release */,
			);
			defaultConfigurationIsVisible = 0;
			defaultConfigurationName = Release;
		};
/* End XCConfigurationList section */
	};
	rootObject = 2503BEA42CED546C008BCD0B /* Project object */;
}
